
Microsoft Visual Studio Solution File, Format Version 12.00
Project("{FAE04EC0-301F-11D3-BF4B-00C04F79EFBC}") = "KafkaConsumer", "KafkaConsumer\KafkaConsumer.csproj", "{FA51B38A-9268-4EAD-A048-5A4F9BEB3152}"
EndProject
Project("{FAE04EC0-301F-11D3-BF4B-00C04F79EFBC}") = "KafkaProducer", "KafkaProducer\KafkaProducer.csproj", "{EFD83077-009A-442D-A4EA-7E9779A14B6C}"
EndProject
Project("{FAE04EC0-301F-11D3-BF4B-00C04F79EFBC}") = "Shared", "Shared\Shared.csproj", "{9A72EF1F-9F33-49E6-8A45-0ADF93929E2A}"
EndProject
Global
	GlobalSection(SolutionConfigurationPlatforms) = preSolution
		Debug|Any CPU = Debug|Any CPU
		Release|Any CPU = Release|Any CPU
	EndGlobalSection
	GlobalSection(ProjectConfigurationPlatforms) = postSolution
		{FA51B38A-9268-4EAD-A048-5A4F9BEB3152}.Debug|Any CPU.ActiveCfg = Debug|Any CPU
		{FA51B38A-9268-4EAD-A048-5A4F9BEB3152}.Debug|Any CPU.Build.0 = Debug|Any CPU
		{FA51B38A-9268-4EAD-A048-5A4F9BEB3152}.Release|Any CPU.ActiveCfg = Release|Any CPU
		{FA51B38A-9268-4EAD-A048-5A4F9BEB3152}.Release|Any CPU.Build.0 = Release|Any CPU
		{EFD83077-009A-442D-A4EA-7E9779A14B6C}.Debug|Any CPU.ActiveCfg = Debug|Any CPU
		{EFD83077-009A-442D-A4EA-7E9779A14B6C}.Debug|Any CPU.Build.0 = Debug|Any CPU
		{EFD83077-009A-442D-A4EA-7E9779A14B6C}.Release|Any CPU.ActiveCfg = Release|Any CPU
		{EFD83077-009A-442D-A4EA-7E9779A14B6C}.Release|Any CPU.Build.0 = Release|Any CPU
		{9A72EF1F-9F33-49E6-8A45-0ADF93929E2A}.Debug|Any CPU.ActiveCfg = Debug|Any CPU
		{9A72EF1F-9F33-49E6-8A45-0ADF93929E2A}.Debug|Any CPU.Build.0 = Debug|Any CPU
		{9A72EF1F-9F33-49E6-8A45-0ADF93929E2A}.Release|Any CPU.ActiveCfg = Release|Any CPU
		{9A72EF1F-9F33-49E6-8A45-0ADF93929E2A}.Release|Any CPU.Build.0 = Release|Any CPU
	EndGlobalSection
EndGlobal
